
Microsoft Visual Studio Solution File, Format Version 12.00
# Visual Studio Version 17
VisualStudioVersion = 17.4.33213.308
MinimumVisualStudioVersion = 10.0.40219.1
Project("{FAE04EC0-301F-11D3-BF4B-00C04F79EFBC}") = "SAEG_Trigger.Android", "SAEG_Trigger.Android\SAEG_Trigger.Android.csproj", "{3723E61E-A9B8-4711-A16C-9C71DD1C8E0C}"
EndProject
Project("{FAE04EC0-301F-11D3-BF4B-00C04F79EFBC}") = "SAEG_Trigger.iOS", "SAEG_Trigger.iOS\SAEG_Trigger.iOS.csproj", "{98503D33-1AF2-4819-9124-B328FC00E7F0}"
EndProject
Project("{FAE04EC0-301F-11D3-BF4B-00C04F79EFBC}") = "SAEG_Trigger", "SAEG_Trigger\SAEG_Trigger.csproj", "{6BC26154-B038-43E4-8D9B-24318258AD5D}"
EndProject
Global
	GlobalSection(SolutionConfigurationPlatforms) = preSolution
		Debug|Any CPU = Debug|Any CPU
		Debug|iPhone = Debug|iPhone
		Debug|iPhoneSimulator = Debug|iPhoneSimulator
		Release|Any CPU = Release|Any CPU
		Release|iPhone = Release|iPhone
		Release|iPhoneSimulator = Release|iPhoneSimulator
	EndGlobalSection
	GlobalSection(ProjectConfigurationPlatforms) = postSolution
		{3723E61E-A9B8-4711-A16C-9C71DD1C8E0C}.Debug|Any CPU.ActiveCfg = Debug|Any CPU
		{3723E61E-A9B8-4711-A16C-9C71DD1C8E0C}.Debug|Any CPU.Build.0 = Debug|Any CPU
		{3723E61E-A9B8-4711-A16C-9C71DD1C8E0C}.Debug|Any CPU.Deploy.0 = Debug|Any CPU
		{3723E61E-A9B8-4711-A16C-9C71DD1C8E0C}.Debug|iPhone.ActiveCfg = Debug|Any CPU
		{3723E61E-A9B8-4711-A16C-9C71DD1C8E0C}.Debug|iPhone.Build.0 = Debug|Any CPU
		{3723E61E-A9B8-4711-A16C-9C71DD1C8E0C}.Debug|iPhone.Deploy.0 = Debug|Any CPU
		{3723E61E-A9B8-4711-A16C-9C71DD1C8E0C}.Debug|iPhoneSimulator.ActiveCfg = Debug|Any CPU
		{3723E61E-A9B8-4711-A16C-9C71DD1C8E0C}.Debug|iPhoneSimulator.Build.0 = Debug|Any CPU
		{3723E61E-A9B8-4711-A16C-9C71DD1C8E0C}.Debug|iPhoneSimulator.Deploy.0 = Debug|Any CPU
		{3723E61E-A9B8-4711-A16C-9C71DD1C8E0C}.Release|Any CPU.ActiveCfg = Release|Any CPU
		{3723E61E-A9B8-4711-A16C-9C71DD1C8E0C}.Release|Any CPU.Build.0 = Release|Any CPU
		{3723E61E-A9B8-4711-A16C-9C71DD1C8E0C}.Release|Any CPU.Deploy.0 = Release|Any CPU
		{3723E61E-A9B8-4711-A16C-9C71DD1C8E0C}.Release|iPhone.ActiveCfg = Release|Any CPU
		{3723E61E-A9B8-4711-A16C-9C71DD1C8E0C}.Release|iPhone.Build.0 = Release|Any CPU
		{3723E61E-A9B8-4711-A16C-9C71DD1C8E0C}.Release|iPhone.Deploy.0 = Release|Any CPU
		{3723E61E-A9B8-4711-A16C-9C71DD1C8E0C}.Release|iPhoneSimulator.ActiveCfg = Release|Any CPU
		{3723E61E-A9B8-4711-A16C-9C71DD1C8E0C}.Release|iPhoneSimulator.Build.0 = Release|Any CPU
		{3723E61E-A9B8-4711-A16C-9C71DD1C8E0C}.Release|iPhoneSimulator.Deploy.0 = Release|Any CPU
		{98503D33-1AF2-4819-9124-B328FC00E7F0}.Debug|Any CPU.ActiveCfg = Debug|iPhone
		{98503D33-1AF2-4819-9124-B328FC00E7F0}.Debug|Any CPU.Build.0 = Debug|iPhone
		{98503D33-1AF2-4819-9124-B328FC00E7F0}.Debug|Any CPU.Deploy.0 = Debug|iPhone
		{98503D33-1AF2-4819-9124-B328FC00E7F0}.Debug|iPhone.ActiveCfg = Debug|iPhone
		{98503D33-1AF2-4819-9124-B328FC00E7F0}.Debug|iPhone.Build.0 = Debug|iPhone
		{98503D33-1AF2-4819-9124-B328FC00E7F0}.Debug|iPhone.Deploy.0 = Debug|iPhone
		{98503D33-1AF2-4819-9124-B328FC00E7F0}.Debug|iPhoneSimulator.ActiveCfg = Debug|iPhoneSimulator
		{98503D33-1AF2-4819-9124-B328FC00E7F0}.Debug|iPhoneSimulator.Build.0 = Debug|iPhoneSimulator
		{98503D33-1AF2-4819-9124-B328FC00E7F0}.Debug|iPhoneSimulator.Deploy.0 = Debug|iPhoneSimulator
		{98503D33-1AF2-4819-9124-B328FC00E7F0}.Release|Any CPU.ActiveCfg = Release|iPhoneSimulator
		{98503D33-1AF2-4819-9124-B328FC00E7F0}.Release|Any CPU.Build.0 = Release|iPhoneSimulator
		{98503D33-1AF2-4819-9124-B328FC00E7F0}.Release|Any CPU.Deploy.0 = Release|iPhoneSimulator
		{98503D33-1AF2-4819-9124-B328FC00E7F0}.Release|iPhone.ActiveCfg = Release|iPhone
		{98503D33-1AF2-4819-9124-B328FC00E7F0}.Release|iPhone.Build.0 = Release|iPhone
		{98503D33-1AF2-4819-9124-B328FC00E7F0}.Release|iPhone.Deploy.0 = Release|iPhone
		{98503D33-1AF2-4819-9124-B328FC00E7F0}.Release|iPhoneSimulator.ActiveCfg = Release|iPhoneSimulator
		{98503D33-1AF2-4819-9124-B328FC00E7F0}.Release|iPhoneSimulator.Build.0 = Release|iPhoneSimulator
		{98503D33-1AF2-4819-9124-B328FC00E7F0}.Release|iPhoneSimulator.Deploy.0 = Release|iPhoneSimulator
		{6BC26154-B038-43E4-8D9B-24318258AD5D}.Debug|Any CPU.ActiveCfg = Debug|Any CPU
		{6BC26154-B038-43E4-8D9B-24318258AD5D}.Debug|Any CPU.Build.0 = Debug|Any CPU
		{6BC26154-B038-43E4-8D9B-24318258AD5D}.Debug|Any CPU.Deploy.0 = Debug|Any CPU
		{6BC26154-B038-43E4-8D9B-24318258AD5D}.Debug|iPhone.ActiveCfg = Debug|Any CPU
		{6BC26154-B038-43E4-8D9B-24318258AD5D}.Debug|iPhone.Build.0 = Debug|Any CPU
		{6BC26154-B038-43E4-8D9B-24318258AD5D}.Debug|iPhone.Deploy.0 = Debug|Any CPU
		{6BC26154-B038-43E4-8D9B-24318258AD5D}.Debug|iPhoneSimulator.ActiveCfg = Debug|Any CPU
		{6BC26154-B038-43E4-8D9B-24318258AD5D}.Debug|iPhoneSimulator.Build.0 = Debug|Any CPU
		{6BC26154-B038-43E4-8D9B-24318258AD5D}.Debug|iPhoneSimulator.Deploy.0 = Debug|Any CPU
		{6BC26154-B038-43E4-8D9B-24318258AD5D}.Release|Any CPU.ActiveCfg = Release|Any CPU
		{6BC26154-B038-43E4-8D9B-24318258AD5D}.Release|Any CPU.Build.0 = Release|Any CPU
		{6BC26154-B038-43E4-8D9B-24318258AD5D}.Release|Any CPU.Deploy.0 = Release|Any CPU
		{6BC26154-B038-43E4-8D9B-24318258AD5D}.Release|iPhone.ActiveCfg = Release|Any CPU
		{6BC26154-B038-43E4-8D9B-24318258AD5D}.Release|iPhone.Build.0 = Release|Any CPU
		{6BC26154-B038-43E4-8D9B-24318258AD5D}.Release|iPhone.Deploy.0 = Release|Any CPU
		{6BC26154-B038-43E4-8D9B-24318258AD5D}.Release|iPhoneSimulator.ActiveCfg = Release|Any CPU
		{6BC26154-B038-43E4-8D9B-24318258AD5D}.Release|iPhoneSimulator.Build.0 = Release|Any CPU
		{6BC26154-B038-43E4-8D9B-24318258AD5D}.Release|iPhoneSimulator.Deploy.0 = Release|Any CPU
	EndGlobalSection
	GlobalSection(SolutionProperties) = preSolution
		HideSolutionNode = FALSE
	EndGlobalSection
	GlobalSection(ExtensibilityGlobals) = postSolution
		SolutionGuid = {C731426D-FD53-46BE-87BF-FC3B7BA35123}
	EndGlobalSection
EndGlobal
